
Microsoft Visual Studio Solution File, Format Version 12.00
# Visual Studio Version 16
VisualStudioVersion = 16.0.28803.202
MinimumVisualStudioVersion = 10.0.40219.1
Project("{888888A0-9F3D-457C-B088-3A5042F75D52}") = "News Headline Sarcasm", "News Headline Sarcasm\News Headline Sarcasm.pyproj", "{9C578F28-6CEE-4A64-838E-2103551BDEB3}"
EndProject
Global
	GlobalSection(SolutionConfigurationPlatforms) = preSolution
		Debug|Any CPU = Debug|Any CPU
		Release|Any CPU = Release|Any CPU
	EndGlobalSection
	GlobalSection(ProjectConfigurationPlatforms) = postSolution
		{9C578F28-6CEE-4A64-838E-2103551BDEB3}.Debug|Any CPU.ActiveCfg = Debug|Any CPU
		{9C578F28-6CEE-4A64-838E-2103551BDEB3}.Release|Any CPU.ActiveCfg = Release|Any CPU
	EndGlobalSection
	GlobalSection(SolutionProperties) = preSolution
		HideSolutionNode = FALSE
	EndGlobalSection
	GlobalSection(ExtensibilityGlobals) = postSolution
		SolutionGuid = {6022856A-9314-41BF-AE13-ED9C5502FA26}
	EndGlobalSection
EndGlobal
